github.com/cristalhq/acmd v0.11.1 h1:DJ4fh2Pv0nPKmqT646IU/0Vh5FNdGblxvF+3/W3NAUI=
github.com/cristalhq/acmd v0.11.1/go.mod h1:LG5oa43pE/BbxtfMoImHCQN++0Su7dzipdgBjMCBVDQ=
github.com/cyphrme/coze v0.0.3 h1:hULjylqTgNf7e4/J2SWvUd5eLWQVCSotoiIryo20MeI=
github.com/cyphrme/coze v0.0.3/go.mod h1:x8Vv0t6USycCpbhJpPnQpfciYItrTxKin0HcgIruLjY=
golang.org/x/crypto v0.8.0 h1:pd9TJtTueMTVQXzk8E2XESSMQDj/U7OUu0PqJqPXQjQ=
golang.org/x/crypto v0.8.0/go.mod h1:mRqEX+O9/h5TFCrQhkgjo2yKi0yYA+9ecGkdQoHrywE=
golang.org/x/exp v0.0.0-20220722155223-a9213eeb770e h1:+WEEuIdZHnUeJJmEUjyYC2gfUMj69yZXw17EnHg/otA=
golang.org/x/sys v0.7.0 h1:3jlCCIQZPdOYu1h8BkNvLz8Kgwtae2cagcG/VamtZRU=
golang.org/x/sys v0.7.0/go.mod h1:oPkhp1MJrh7nUepCBck5+mAzfO9JrbApNNgaTdGDITg=
